github.com/branchkit/plugin-sdk-go v0.1.0 h1:NrSJkn/xejrSl/073VaGt5SIpKQkvDASxAzK1u43Nx4=
github.com/branchkit/plugin-sdk-go v0.1.0/go.mod h1:GG07T1G/8a/bg5yMwBP0pawQXnt7eCBXSOkAcBRL+F0=
github.com/branchkit/plugin-sdk-go v0.2.0 h1:BPZswTZuI+69q+6b3zKEk93Hi4bZqWc038ZfSNVu3E8=
github.com/branchkit/plugin-sdk-go v0.2.0/go.mod h1:GG07T1G/8a/bg5yMwBP0pawQXnt7eCBXSOkAcBRL+F0=
